
Microsoft Visual Studio Solution File, Format Version 11.00
# Visual C++ Express 2010
Project("{8BC9CEB8-8B4A-11D0-8D11-00A0C91BC942}") = "prime", "test\prime\prime.vcxproj", "{2A8F4E95-4A54-4C28-8B9B-7B3E9E2BB248}"
EndProject
Project("{8BC9CEB8-8B4A-11D0-8D11-00A0C91BC942}") = "ltprime", "test\ltprime\ltprime.vcxproj", "{D19460F2-C0C5-4082-A1EF-41012E58FFFF}"
EndProject
Global
	GlobalSection(SolutionConfigurationPlatforms) = preSolution
		Debug|Win32 = Debug|Win32
		Release|Win32 = Release|Win32
	EndGlobalSection
	GlobalSection(ProjectConfigurationPlatforms) = postSolution
		{2A8F4E95-4A54-4C28-8B9B-7B3E9E2BB248}.Debug|Win32.ActiveCfg = Debug|Win32
		{2A8F4E95-4A54-4C28-8B9B-7B3E9E2BB248}.Debug|Win32.Build.0 = Debug|Win32
		{2A8F4E95-4A54-4C28-8B9B-7B3E9E2BB248}.Release|Win32.ActiveCfg = Release|Win32
		{2A8F4E95-4A54-4C28-8B9B-7B3E9E2BB248}.Release|Win32.Build.0 = Release|Win32
		{D19460F2-C0C5-4082-A1EF-41012E58FFFF}.Debug|Win32.ActiveCfg = Debug|Win32
		{D19460F2-C0C5-4082-A1EF-41012E58FFFF}.Debug|Win32.Build.0 = Debug|Win32
		{D19460F2-C0C5-4082-A1EF-41012E58FFFF}.Release|Win32.ActiveCfg = Release|Win32
		{D19460F2-C0C5-4082-A1EF-41012E58FFFF}.Release|Win32.Build.0 = Release|Win32
	EndGlobalSection
	GlobalSection(SolutionProperties) = preSolution
		HideSolutionNode = FALSE
	EndGlobalSection
EndGlobal
